
Microsoft Visual Studio Solution File, Format Version 12.00
# Visual Studio 2012
Project("{f2a71f9b-5d33-465a-a702-920d77279786}") = "set", "set\set.fsproj", "{E05B566F-F63C-4621-A898-188D4E7F5524}"
EndProject
Global
	GlobalSection(SolutionConfigurationPlatforms) = preSolution
		Debug|Any CPU = Debug|Any CPU
		Release|Any CPU = Release|Any CPU
	EndGlobalSection
	GlobalSection(ProjectConfigurationPlatforms) = postSolution
		{E05B566F-F63C-4621-A898-188D4E7F5524}.Debug|Any CPU.ActiveCfg = Debug|Any CPU
		{E05B566F-F63C-4621-A898-188D4E7F5524}.Debug|Any CPU.Build.0 = Debug|Any CPU
		{E05B566F-F63C-4621-A898-188D4E7F5524}.Release|Any CPU.ActiveCfg = Release|Any CPU
		{E05B566F-F63C-4621-A898-188D4E7F5524}.Release|Any CPU.Build.0 = Release|Any CPU
	EndGlobalSection
EndGlobal
